github.com/andybons/gogif v0.0.0-20140526152223-16d573594812 h1:WBBv0ka2SO7Ut4bpskb87E9cHNnJabqA6VoBTex0Jng=
github.com/andybons/gogif v0.0.0-20140526152223-16d573594812/go.mod h1:lkVwYUDYv/mJZK69J7BP7HRUhHEAone7OQHFBRnhQdQ=
github.com/google/uuid v1.6.0 h1:NIvaJDMOsjHA8n1jAhLSgzrAzy1Hgr+hNrb57e+94F0=
github.com/google/uuid v1.6.0/go.mod h1:TIyPZe4MgqvfeYDBFedMoGGpEw/LqOeaOT+nhxU+yHo=
github.com/mccutchen/palettor v1.0.0 h1:YRNAzEZlRBnu8qP/9siuNTJiAj7VhL0dEQ1AQmu9jew=
github.com/mccutchen/palettor v1.0.0/go.mod h1:5ZFq9YwI0o5zRpmAuEsm+0B7divaVds1dvTAznEnd6g=
github.com/nfnt/resize v0.0.0-20180221191011-83c6a9932646 h1:zYyBkD/k9seD2A7fsi6Oo2LfFZAehjjQMERAvZLEDnQ=
github.com/nfnt/resize v0.0.0-20180221191011-83c6a9932646/go.mod h1:jpp1/29i3P1S/RLdc7JQKbRpFeM1dOBd8T9ki5s+AY8=
github.com/phrozen/blend v0.0.0-20210220204729-f26b6cf7a28e h1:r8tWFp1HMiodzOwFtEVZ41Q0PuX/G5PWHZS14kAQMoI=
github.com/phrozen/blend v0.0.0-20210220204729-f26b6cf7a28e/go.mod h1:8LjAsvtcQgvNmMQZ/iSuduOKYgRA37KcsgPg8ZC6Krc=
golang.org/x/image v0.15.0 h1:kOELfmgrmJlw4Cdb7g/QGuB3CvDrXbqEIww/pNtNBm8=
golang.org/x/image v0.15.0/go.mod h1:HUYqC05R2ZcZ3ejNQsIHQDQiwWM4JBqmm6MKANTp4LE=
